{
  "name": "pi-extensions",
  "lockfileVersion": 3,
  "requires": true,
  "packages": {
    "": {
      "name": "pi-extensions",
      "dependencies": {
        "pi-context-tools": "^0.1.1"
      }
    },
    "node_modules/pi-context-tools": {
      "version": "0.1.1",
      "resolved": "https://registry.npmjs.org/pi-context-tools/-/pi-context-tools-0.1.1.tgz",
      "integrity": "sha512-b5OeOkl5eiCvGiAVt+xSKG9vv13IubF1gyecJFNRFKFd2pusP80sFd5YlIsiyKPHG4EH2s2mI1E0WmiSUH/ZpQ==",
      "license": "MIT",
      "peerDependencies": {
        "@earendil-works/pi-agent-core": "*",
        "@earendil-works/pi-ai": "*",
        "@earendil-works/pi-coding-agent": "*",
        "@earendil-works/pi-tui": "*",
        "typebox": "*"
      }
    }
  }
}
